
Microsoft Visual Studio Solution File, Format Version 12.00
# Visual Studio Version 16
VisualStudioVersion = 16.0.31702.278
MinimumVisualStudioVersion = 10.0.40219.1
Project("{FAE04EC0-301F-11D3-BF4B-00C04F79EFBC}") = "TCC_Tela Inicial", "TCC_Tela Inicial\TCC_Tela Inicial.csproj", "{9D46B832-AB3A-4EAA-B2BA-A7E726A670BC}"
EndProject
Global
	GlobalSection(SolutionConfigurationPlatforms) = preSolution
		Debug|Any CPU = Debug|Any CPU
		Release|Any CPU = Release|Any CPU
	EndGlobalSection
	GlobalSection(ProjectConfigurationPlatforms) = postSolution
		{9D46B832-AB3A-4EAA-B2BA-A7E726A670BC}.Debug|Any CPU.ActiveCfg = Debug|Any CPU
		{9D46B832-AB3A-4EAA-B2BA-A7E726A670BC}.Debug|Any CPU.Build.0 = Debug|Any CPU
		{9D46B832-AB3A-4EAA-B2BA-A7E726A670BC}.Release|Any CPU.ActiveCfg = Release|Any CPU
		{9D46B832-AB3A-4EAA-B2BA-A7E726A670BC}.Release|Any CPU.Build.0 = Release|Any CPU
	EndGlobalSection
	GlobalSection(SolutionProperties) = preSolution
		HideSolutionNode = FALSE
	EndGlobalSection
	GlobalSection(ExtensibilityGlobals) = postSolution
		SolutionGuid = {A30FDFCE-0958-473A-812F-0FF7CB880992}
	EndGlobalSection
EndGlobal
